
Microsoft Visual Studio Solution File, Format Version 12.00
# Visual Studio Version 17
VisualStudioVersion = 17.3.32929.385
MinimumVisualStudioVersion = 10.0.40219.1
Project("{FAE04EC0-301F-11D3-BF4B-00C04F79EFBC}") = "FindMaxNumber", "FindMaxNumber.csproj", "{4B1BA05D-5822-40E4-8D9B-5BB9166F696E}"
EndProject
Project("{FAE04EC0-301F-11D3-BF4B-00C04F79EFBC}") = "FindMaxNumText", "..\FindMaxNumText\FindMaxNumText.csproj", "{8687735A-0E73-4F14-A229-B27214239D63}"
EndProject
Global
	GlobalSection(SolutionConfigurationPlatforms) = preSolution
		Debug|Any CPU = Debug|Any CPU
		Release|Any CPU = Release|Any CPU
	EndGlobalSection
	GlobalSection(ProjectConfigurationPlatforms) = postSolution
		{4B1BA05D-5822-40E4-8D9B-5BB9166F696E}.Debug|Any CPU.ActiveCfg = Debug|Any CPU
		{4B1BA05D-5822-40E4-8D9B-5BB9166F696E}.Debug|Any CPU.Build.0 = Debug|Any CPU
		{4B1BA05D-5822-40E4-8D9B-5BB9166F696E}.Release|Any CPU.ActiveCfg = Release|Any CPU
		{4B1BA05D-5822-40E4-8D9B-5BB9166F696E}.Release|Any CPU.Build.0 = Release|Any CPU
		{8687735A-0E73-4F14-A229-B27214239D63}.Debug|Any CPU.ActiveCfg = Debug|Any CPU
		{8687735A-0E73-4F14-A229-B27214239D63}.Debug|Any CPU.Build.0 = Debug|Any CPU
		{8687735A-0E73-4F14-A229-B27214239D63}.Release|Any CPU.ActiveCfg = Release|Any CPU
		{8687735A-0E73-4F14-A229-B27214239D63}.Release|Any CPU.Build.0 = Release|Any CPU
	EndGlobalSection
	GlobalSection(SolutionProperties) = preSolution
		HideSolutionNode = FALSE
	EndGlobalSection
	GlobalSection(ExtensibilityGlobals) = postSolution
		SolutionGuid = {218B2DE4-BAFE-462C-970B-06689E4B6141}
	EndGlobalSection
EndGlobal
